PODS:
  - AsyncDisplayKit (2.0-beta.1):
    - AsyncDisplayKit/PINRemoteImage (= 2.0-beta.1)
  - AsyncDisplayKit/ASDealloc2MainObject (2.0-beta.1)
  - AsyncDisplayKit/Core (2.0-beta.1):
    - AsyncDisplayKit/ASDealloc2MainObject
  - AsyncDisplayKit/PINRemoteImage (2.0-beta.1):
    - AsyncDisplayKit/Core
    - PINRemoteImage/iOS (= 3.0.0-beta.5)
  - PINCache (3.0.1-beta)
  - PINRemoteImage/Core (3.0.0-beta.5):
    - PINCache (= 3.0.1-beta)
  - PINRemoteImage/iOS (3.0.0-beta.5):
    - PINRemoteImage/Core

DEPENDENCIES:
  - AsyncDisplayKit (from `https://github.com/facebook/AsyncDisplayKit.git`, branch `master`)

EXTERNAL SOURCES:
  AsyncDisplayKit:
    :branch: master
    :git: https://github.com/facebook/AsyncDisplayKit.git

CHECKOUT OPTIONS:
  AsyncDisplayKit:
    :commit: 62a0296148633c12575f051c6bebfcd0ea9b88d3
    :git: https://github.com/facebook/AsyncDisplayKit.git

SPEC CHECKSUMS:
  AsyncDisplayKit: 4ef1ca0fac766193f4ccdea5b01e42b82b675683
  PINCache: 6911fe422a633e18b3d3ddf2bd4f0e55e36e2892
  PINRemoteImage: 20ca800843e5fb326bc33fa6eb528c3b861d8bd6

PODFILE CHECKSUM: bc361661cf797259d17360ed246c4d88439f940e

COCOAPODS: 1.0.0
