// !$*UTF8*$!
{
	archiveVersion = 1;
	classes = {
	};
	objectVersion = 46;
	objects = {

/* Begin PBXBuildFile section */
		050E7C7419D22E19004363C2 /* AppDelegate.swift in Sources */ = {isa = PBXBuildFile; fileRef = 050E7C7319D22E19004363C2 /* AppDelegate.swift */; };
		050E7C7619D22E19004363C2 /* TextureViewController.swift in Sources */ = {isa = PBXBuildFile; fileRef = 050E7C7519D22E19004363C2 /* TextureViewController.swift */; };
		05DDD8DB19D2336300013C30 /* Default-568h@2x.png in Resources */ = {isa = PBXBuildFile; fileRef = 05DDD8DA19D2336300013C30 /* Default-568h@2x.png */; };
		161FE6897BB33A570A663F90 /* Pods_Sample.framework in Frameworks */ = {isa = PBXBuildFile; fileRef = 27E6141C83F216FCA6D7EAEE /* Pods_Sample.framework */; };
		2A3038B01DC8F02C00228931 /* miles.png in Resources */ = {isa = PBXBuildFile; fileRef = 2A3038AF1DC8F02C00228931 /* miles.png */; };
		2A3038B41DC8F7DD00228931 /* RRFPSBar.m in Sources */ = {isa = PBXBuildFile; fileRef = 2A3038B31DC8F7DD00228931 /* RRFPSBar.m */; };
		2A3038B61DC90F6900228931 /* FooterNode.swift in Sources */ = {isa = PBXBuildFile; fileRef = 2A3038B51DC90F6900228931 /* FooterNode.swift */; };
		2A3038B81DC9119200228931 /* Media.xcassets in Resources */ = {isa = PBXBuildFile; fileRef = 2A3038B71DC9119200228931 /* Media.xcassets */; };
		2AA47F121DC8E60F00821444 /* ScrollCellNode.swift in Sources */ = {isa = PBXBuildFile; fileRef = 2AA47F111DC8E60F00821444 /* ScrollCellNode.swift */; };
		6C5053DB19EE266A00E385DE /* Default-667h@2x.png in Resources */ = {isa = PBXBuildFile; fileRef = 6C5053D919EE266A00E385DE /* Default-667h@2x.png */; };
		6C5053DC19EE266A00E385DE /* Default-736h@3x.png in Resources */ = {isa = PBXBuildFile; fileRef = 6C5053DA19EE266A00E385DE /* Default-736h@3x.png */; };
		9436AACB1DB81B6C0029B9B2 /* HeadlineSummaryCellNode.swift in Sources */ = {isa = PBXBuildFile; fileRef = 9436AACA1DB81B6C0029B9B2 /* HeadlineSummaryCellNode.swift */; };
		9436AACD1DB833A00029B9B2 /* ThumbnailCellNode.swift in Sources */ = {isa = PBXBuildFile; fileRef = 9436AACC1DB833A00029B9B2 /* ThumbnailCellNode.swift */; };
		9436AACF1DB835C40029B9B2 /* thumbnail.jpg in Resources */ = {isa = PBXBuildFile; fileRef = 9436AACE1DB835C40029B9B2 /* thumbnail.jpg */; };
		9436AAD11DB9A0290029B9B2 /* LargeImageCellNode.swift in Sources */ = {isa = PBXBuildFile; fileRef = 9436AAD01DB9A0290029B9B2 /* LargeImageCellNode.swift */; };
		9436AAD31DB9A0D80029B9B2 /* coltrane.jpg in Resources */ = {isa = PBXBuildFile; fileRef = 9436AAD21DB9A0D80029B9B2 /* coltrane.jpg */; };
		9436AAD51DBA78170029B9B2 /* Crop.swift in Sources */ = {isa = PBXBuildFile; fileRef = 9436AAD41DBA78170029B9B2 /* Crop.swift */; };
		94752ABB1DC63B8C00B1B781 /* WebCellNode.swift in Sources */ = {isa = PBXBuildFile; fileRef = 94752ABA1DC63B8C00B1B781 /* WebCellNode.swift */; };
		D53BDD6F25013B73001FB387 /* CollectionViewController.swift in Sources */ = {isa = PBXBuildFile; fileRef = D53BDD6E25013B73001FB387 /* CollectionViewController.swift */; };
		D53BDE7D25015FB5001FB387 /* ContentGenerator.swift in Sources */ = {isa = PBXBuildFile; fileRef = D53BDE7C25015FB5001FB387 /* ContentGenerator.swift */; };
		D58F43742500385F000101A2 /* LayoutPerformanceTimeTests.swift in Sources */ = {isa = PBXBuildFile; fileRef = D59BF7E2250000250058C51A /* LayoutPerformanceTimeTests.swift */; };
		D59BF7F1250001410058C51A /* ScrollPerformanceTests.swift in Sources */ = {isa = PBXBuildFile; fileRef = D59BF7F0250001410058C51A /* ScrollPerformanceTests.swift */; };
/* End PBXBuildFile section */

/* Begin PBXContainerItemProxy section */
		D59BF7E5250000250058C51A /* PBXContainerItemProxy */ = {
			isa = PBXContainerItemProxy;
			containerPortal = 050E7C6619D22E19004363C2 /* Project object */;
			proxyType = 1;
			remoteGlobalIDString = 050E7C6D19D22E19004363C2;
			remoteInfo = Sample;
		};
		D59BF7F3250001410058C51A /* PBXContainerItemProxy */ = {
			isa = PBXContainerItemProxy;
			containerPortal = 050E7C6619D22E19004363C2 /* Project object */;
			proxyType = 1;
			remoteGlobalIDString = 050E7C6D19D22E19004363C2;
			remoteInfo = Sample;
		};
/* End PBXContainerItemProxy section */

/* Begin PBXFileReference section */
		050E7C6E19D22E19004363C2 /* Sample.app */ = {isa = PBXFileReference; explicitFileType = wrapper.application; includeInIndex = 0; path = Sample.app; sourceTree = BUILT_PRODUCTS_DIR; };
		050E7C7219D22E19004363C2 /* Info.plist */ = {isa = PBXFileReference; lastKnownFileType = text.plist.xml; path = Info.plist; sourceTree = "<group>"; };
		050E7C7319D22E19004363C2 /* AppDelegate.swift */ = {isa = PBXFileReference; lastKnownFileType = sourcecode.swift; path = AppDelegate.swift; sourceTree = "<group>"; };
		050E7C7519D22E19004363C2 /* TextureViewController.swift */ = {isa = PBXFileReference; lastKnownFileType = sourcecode.swift; path = TextureViewController.swift; sourceTree = "<group>"; };
		05DDD8DA19D2336300013C30 /* Default-568h@2x.png */ = {isa = PBXFileReference; lastKnownFileType = image.png; name = "Default-568h@2x.png"; path = "../Default-568h@2x.png"; sourceTree = "<group>"; };
		08B9AAEC0A03243C3516AA96 /* Pods-Sample.release.xcconfig */ = {isa = PBXFileReference; includeInIndex = 1; lastKnownFileType = text.xcconfig; name = "Pods-Sample.release.xcconfig"; path = "Pods/Target Support Files/Pods-Sample/Pods-Sample.release.xcconfig"; sourceTree = "<group>"; };
		27E6141C83F216FCA6D7EAEE /* Pods_Sample.framework */ = {isa = PBXFileReference; explicitFileType = wrapper.framework; includeInIndex = 0; path = Pods_Sample.framework; sourceTree = BUILT_PRODUCTS_DIR; };
		2A3038AF1DC8F02C00228931 /* miles.png */ = {isa = PBXFileReference; lastKnownFileType = image.png; path = miles.png; sourceTree = "<group>"; };
		2A3038B11DC8F7DC00228931 /* Sample-Bridging-Header.h */ = {isa = PBXFileReference; lastKnownFileType = sourcecode.c.h; path = "Sample-Bridging-Header.h"; sourceTree = "<group>"; };
		2A3038B21DC8F7DD00228931 /* RRFPSBar.h */ = {isa = PBXFileReference; fileEncoding = 4; lastKnownFileType = sourcecode.c.h; path = RRFPSBar.h; sourceTree = "<group>"; };
		2A3038B31DC8F7DD00228931 /* RRFPSBar.m */ = {isa = PBXFileReference; fileEncoding = 4; lastKnownFileType = sourcecode.c.objc; path = RRFPSBar.m; sourceTree = "<group>"; };
		2A3038B51DC90F6900228931 /* FooterNode.swift */ = {isa = PBXFileReference; fileEncoding = 4; lastKnownFileType = sourcecode.swift; path = FooterNode.swift; sourceTree = "<group>"; };
		2A3038B71DC9119200228931 /* Media.xcassets */ = {isa = PBXFileReference; lastKnownFileType = folder.assetcatalog; path = Media.xcassets; sourceTree = "<group>"; };
		2AA47F111DC8E60F00821444 /* ScrollCellNode.swift */ = {isa = PBXFileReference; fileEncoding = 4; lastKnownFileType = sourcecode.swift; path = ScrollCellNode.swift; sourceTree = "<group>"; };
		6C5053D919EE266A00E385DE /* Default-667h@2x.png */ = {isa = PBXFileReference; lastKnownFileType = image.png; path = "Default-667h@2x.png"; sourceTree = SOURCE_ROOT; };
		6C5053DA19EE266A00E385DE /* Default-736h@3x.png */ = {isa = PBXFileReference; lastKnownFileType = image.png; path = "Default-736h@3x.png"; sourceTree = SOURCE_ROOT; };
		9436AACA1DB81B6C0029B9B2 /* HeadlineSummaryCellNode.swift */ = {isa = PBXFileReference; fileEncoding = 4; lastKnownFileType = sourcecode.swift; path = HeadlineSummaryCellNode.swift; sourceTree = "<group>"; };
		9436AACC1DB833A00029B9B2 /* ThumbnailCellNode.swift */ = {isa = PBXFileReference; fileEncoding = 4; lastKnownFileType = sourcecode.swift; path = ThumbnailCellNode.swift; sourceTree = "<group>"; };
		9436AACE1DB835C40029B9B2 /* thumbnail.jpg */ = {isa = PBXFileReference; lastKnownFileType = image.jpeg; path = thumbnail.jpg; sourceTree = "<group>"; };
		9436AAD01DB9A0290029B9B2 /* LargeImageCellNode.swift */ = {isa = PBXFileReference; fileEncoding = 4; lastKnownFileType = sourcecode.swift; path = LargeImageCellNode.swift; sourceTree = "<group>"; };
		9436AAD21DB9A0D80029B9B2 /* coltrane.jpg */ = {isa = PBXFileReference; lastKnownFileType = image.jpeg; path = coltrane.jpg; sourceTree = "<group>"; };
		9436AAD41DBA78170029B9B2 /* Crop.swift */ = {isa = PBXFileReference; fileEncoding = 4; lastKnownFileType = sourcecode.swift; path = Crop.swift; sourceTree = "<group>"; };
		94752ABA1DC63B8C00B1B781 /* WebCellNode.swift */ = {isa = PBXFileReference; fileEncoding = 4; lastKnownFileType = sourcecode.swift; path = WebCellNode.swift; sourceTree = "<group>"; };
		9B402DAAE8C6A8B9BE1A506B /* Pods-Sample.debug.xcconfig */ = {isa = PBXFileReference; includeInIndex = 1; lastKnownFileType = text.xcconfig; name = "Pods-Sample.debug.xcconfig"; path = "Pods/Target Support Files/Pods-Sample/Pods-Sample.debug.xcconfig"; sourceTree = "<group>"; };
		D53BDD6E25013B73001FB387 /* CollectionViewController.swift */ = {isa = PBXFileReference; lastKnownFileType = sourcecode.swift; path = CollectionViewController.swift; sourceTree = "<group>"; };
		D53BDE7C25015FB5001FB387 /* ContentGenerator.swift */ = {isa = PBXFileReference; lastKnownFileType = sourcecode.swift; path = ContentGenerator.swift; sourceTree = "<group>"; };
		D58F4373250035F1000101A2 /* SampleUITests.xctestplan */ = {isa = PBXFileReference; lastKnownFileType = text; path = SampleUITests.xctestplan; sourceTree = "<group>"; };
		D59BF7E0250000250058C51A /* SampleTests.xctest */ = {isa = PBXFileReference; explicitFileType = wrapper.cfbundle; includeInIndex = 0; path = SampleTests.xctest; sourceTree = BUILT_PRODUCTS_DIR; };
		D59BF7E2250000250058C51A /* LayoutPerformanceTimeTests.swift */ = {isa = PBXFileReference; lastKnownFileType = sourcecode.swift; path = LayoutPerformanceTimeTests.swift; sourceTree = "<group>"; };
		D59BF7E4250000250058C51A /* Info.plist */ = {isa = PBXFileReference; lastKnownFileType = text.plist.xml; path = Info.plist; sourceTree = "<group>"; };
		D59BF7EE250001410058C51A /* SampleUITests.xctest */ = {isa = PBXFileReference; explicitFileType = wrapper.cfbundle; includeInIndex = 0; path = SampleUITests.xctest; sourceTree = BUILT_PRODUCTS_DIR; };
		D59BF7F0250001410058C51A /* ScrollPerformanceTests.swift */ = {isa = PBXFileReference; lastKnownFileType = sourcecode.swift; path = ScrollPerformanceTests.swift; sourceTree = "<group>"; };
		D59BF7F2250001410058C51A /* Info.plist */ = {isa = PBXFileReference; lastKnownFileType = text.plist.xml; path = Info.plist; sourceTree = "<group>"; };
/* End PBXFileReference section */

/* Begin PBXFrameworksBuildPhase section */
		050E7C6B19D22E19004363C2 /* Frameworks */ = {
			isa = PBXFrameworksBuildPhase;
			buildActionMask = 2147483647;
			files = (
				161FE6897BB33A570A663F90 /* Pods_Sample.framework in Frameworks */,
			);
			runOnlyForDeploymentPostprocessing = 0;
		};
		D59BF7DD250000250058C51A /* Frameworks */ = {
			isa = PBXFrameworksBuildPhase;
			buildActionMask = 2147483647;
			files = (
			);
			runOnlyForDeploymentPostprocessing = 0;
		};
		D59BF7EB250001410058C51A /* Frameworks */ = {
			isa = PBXFrameworksBuildPhase;
			buildActionMask = 2147483647;
			files = (
			);
			runOnlyForDeploymentPostprocessing = 0;
		};
/* End PBXFrameworksBuildPhase section */

/* Begin PBXGroup section */
		050E7C6519D22E19004363C2 = {
			isa = PBXGroup;
			children = (
				050E7C7019D22E19004363C2 /* Sample */,
				D59BF7E1250000250058C51A /* SampleTests */,
				D59BF7EF250001410058C51A /* SampleUITests */,
				050E7C6F19D22E19004363C2 /* Products */,
				092C2001FE124604891D6E90 /* Frameworks */,
				655F2ABBD991CBDE7140FACE /* Pods */,
			);
			indentWidth = 2;
			sourceTree = "<group>";
			tabWidth = 2;
			usesTabs = 0;
		};
		050E7C6F19D22E19004363C2 /* Products */ = {
			isa = PBXGroup;
			children = (
				050E7C6E19D22E19004363C2 /* Sample.app */,
				D59BF7E0250000250058C51A /* SampleTests.xctest */,
				D59BF7EE250001410058C51A /* SampleUITests.xctest */,
			);
			name = Products;
			sourceTree = "<group>";
		};
		050E7C7019D22E19004363C2 /* Sample */ = {
			isa = PBXGroup;
			children = (
				D53BDD6D25013B65001FB387 /* AutoLayout */,
				D53BDD6C25013B51001FB387 /* Texture */,
				050E7C7319D22E19004363C2 /* AppDelegate.swift */,
				9436AAD41DBA78170029B9B2 /* Crop.swift */,
				2A3038B21DC8F7DD00228931 /* RRFPSBar.h */,
				2A3038B31DC8F7DD00228931 /* RRFPSBar.m */,
				050E7C7119D22E19004363C2 /* Supporting Files */,
				2A3038B11DC8F7DC00228931 /* Sample-Bridging-Header.h */,
				D53BDE7C25015FB5001FB387 /* ContentGenerator.swift */,
			);
			path = Sample;
			sourceTree = "<group>";
		};
		050E7C7119D22E19004363C2 /* Supporting Files */ = {
			isa = PBXGroup;
			children = (
				050E7C7219D22E19004363C2 /* Info.plist */,
				05DDD8DA19D2336300013C30 /* Default-568h@2x.png */,
				6C5053D919EE266A00E385DE /* Default-667h@2x.png */,
				6C5053DA19EE266A00E385DE /* Default-736h@3x.png */,
				9436AACE1DB835C40029B9B2 /* thumbnail.jpg */,
				9436AAD21DB9A0D80029B9B2 /* coltrane.jpg */,
				2A3038AF1DC8F02C00228931 /* miles.png */,
				2A3038B71DC9119200228931 /* Media.xcassets */,
			);
			name = "Supporting Files";
			sourceTree = "<group>";
		};
		092C2001FE124604891D6E90 /* Frameworks */ = {
			isa = PBXGroup;
			children = (
				27E6141C83F216FCA6D7EAEE /* Pods_Sample.framework */,
			);
			name = Frameworks;
			sourceTree = "<group>";
		};
		655F2ABBD991CBDE7140FACE /* Pods */ = {
			isa = PBXGroup;
			children = (
				9B402DAAE8C6A8B9BE1A506B /* Pods-Sample.debug.xcconfig */,
				08B9AAEC0A03243C3516AA96 /* Pods-Sample.release.xcconfig */,
			);
			name = Pods;
			sourceTree = "<group>";
		};
		D53BDD6C25013B51001FB387 /* Texture */ = {
			isa = PBXGroup;
			children = (
				050E7C7519D22E19004363C2 /* TextureViewController.swift */,
				9436AACA1DB81B6C0029B9B2 /* HeadlineSummaryCellNode.swift */,
				9436AACC1DB833A00029B9B2 /* ThumbnailCellNode.swift */,
				9436AAD01DB9A0290029B9B2 /* LargeImageCellNode.swift */,
				94752ABA1DC63B8C00B1B781 /* WebCellNode.swift */,
				2AA47F111DC8E60F00821444 /* ScrollCellNode.swift */,
				2A3038B51DC90F6900228931 /* FooterNode.swift */,
			);
			name = Texture;
			sourceTree = "<group>";
		};
		D53BDD6D25013B65001FB387 /* AutoLayout */ = {
			isa = PBXGroup;
			children = (
				D53BDD6E25013B73001FB387 /* CollectionViewController.swift */,
			);
			name = AutoLayout;
			sourceTree = "<group>";
		};
		D59BF7E1250000250058C51A /* SampleTests */ = {
			isa = PBXGroup;
			children = (
				D59BF7E2250000250058C51A /* LayoutPerformanceTimeTests.swift */,
				D59BF7E4250000250058C51A /* Info.plist */,
			);
			path = SampleTests;
			sourceTree = "<group>";
		};
		D59BF7EF250001410058C51A /* SampleUITests */ = {
			isa = PBXGroup;
			children = (
				D58F4373250035F1000101A2 /* SampleUITests.xctestplan */,
				D59BF7F0250001410058C51A /* ScrollPerformanceTests.swift */,
				D59BF7F2250001410058C51A /* Info.plist */,
			);
			path = SampleUITests;
			sourceTree = "<group>";
		};
/* End PBXGroup section */

/* Begin PBXNativeTarget section */
		050E7C6D19D22E19004363C2 /* Sample */ = {
			isa = PBXNativeTarget;
			buildConfigurationList = 050E7C8D19D22E1A004363C2 /* Build configuration list for PBXNativeTarget "Sample" */;
			buildPhases = (
				B8824BD0ED824BAD8268EC35 /* [CP] Check Pods Manifest.lock */,
				2361A4F6CAC4BB866C2B4A1C /* 📦 Check Pods Manifest.lock */,
				050E7C6A19D22E19004363C2 /* Sources */,
				050E7C6B19D22E19004363C2 /* Frameworks */,
				050E7C6C19D22E19004363C2 /* Resources */,
			);
			buildRules = (
			);
			dependencies = (
			);
			name = Sample;
			productName = Sample;
			productReference = 050E7C6E19D22E19004363C2 /* Sample.app */;
			productType = "com.apple.product-type.application";
		};
		D59BF7DF250000250058C51A /* SampleTests */ = {
			isa = PBXNativeTarget;
			buildConfigurationList = D59BF7E9250000250058C51A /* Build configuration list for PBXNativeTarget "SampleTests" */;
			buildPhases = (
				D59BF7DC250000250058C51A /* Sources */,
				D59BF7DD250000250058C51A /* Frameworks */,
				D59BF7DE250000250058C51A /* Resources */,
			);
			buildRules = (
			);
			dependencies = (
				D59BF7E6250000250058C51A /* PBXTargetDependency */,
			);
			name = SampleTests;
			productName = SampleTests;
			productReference = D59BF7E0250000250058C51A /* SampleTests.xctest */;
			productType = "com.apple.product-type.bundle.unit-test";
		};
		D59BF7ED250001410058C51A /* SampleUITests */ = {
			isa = PBXNativeTarget;
			buildConfigurationList = D59BF7F5250001410058C51A /* Build configuration list for PBXNativeTarget "SampleUITests" */;
			buildPhases = (
				D59BF7EA250001410058C51A /* Sources */,
				D59BF7EB250001410058C51A /* Frameworks */,
				D59BF7EC250001410058C51A /* Resources */,
			);
			buildRules = (
			);
			dependencies = (
				D59BF7F4250001410058C51A /* PBXTargetDependency */,
			);
			name = SampleUITests;
			productName = SampleUITests;
			productReference = D59BF7EE250001410058C51A /* SampleUITests.xctest */;
			productType = "com.apple.product-type.bundle.ui-testing";
		};
/* End PBXNativeTarget section */

/* Begin PBXProject section */
		050E7C6619D22E19004363C2 /* Project object */ = {
			isa = PBXProject;
			attributes = {
				LastSwiftMigration = 0700;
				LastSwiftUpdateCheck = 1160;
				LastUpgradeCheck = 0810;
				ORGANIZATIONNAME = Facebook;
				TargetAttributes = {
					050E7C6D19D22E19004363C2 = {
						CreatedOnToolsVersion = 6.0.1;
						DevelopmentTeam = FL458598BU;
						LastSwiftMigration = 0810;
					};
					D59BF7DF250000250058C51A = {
						CreatedOnToolsVersion = 11.6;
						DevelopmentTeam = FL458598BU;
						ProvisioningStyle = Automatic;
						TestTargetID = 050E7C6D19D22E19004363C2;
					};
					D59BF7ED250001410058C51A = {
						CreatedOnToolsVersion = 11.6;
						DevelopmentTeam = FL458598BU;
						ProvisioningStyle = Automatic;
						TestTargetID = 050E7C6D19D22E19004363C2;
					};
				};
			};
			buildConfigurationList = 050E7C6919D22E19004363C2 /* Build configuration list for PBXProject "Sample" */;
			compatibilityVersion = "Xcode 3.2";
			developmentRegion = English;
			hasScannedForEncodings = 0;
			knownRegions = (
				English,
				en,
				Base,
			);
			mainGroup = 050E7C6519D22E19004363C2;
			productRefGroup = 050E7C6F19D22E19004363C2 /* Products */;
			projectDirPath = "";
			projectRoot = "";
			targets = (
				050E7C6D19D22E19004363C2 /* Sample */,
				D59BF7DF250000250058C51A /* SampleTests */,
				D59BF7ED250001410058C51A /* SampleUITests */,
			);
		};
/* End PBXProject section */

/* Begin PBXResourcesBuildPhase section */
		050E7C6C19D22E19004363C2 /* Resources */ = {
			isa = PBXResourcesBuildPhase;
			buildActionMask = 2147483647;
			files = (
				9436AAD31DB9A0D80029B9B2 /* coltrane.jpg in Resources */,
				9436AACF1DB835C40029B9B2 /* thumbnail.jpg in Resources */,
				2A3038B81DC9119200228931 /* Media.xcassets in Resources */,
				2A3038B01DC8F02C00228931 /* miles.png in Resources */,
				05DDD8DB19D2336300013C30 /* Default-568h@2x.png in Resources */,
				6C5053DB19EE266A00E385DE /* Default-667h@2x.png in Resources */,
				6C5053DC19EE266A00E385DE /* Default-736h@3x.png in Resources */,
			);
			runOnlyForDeploymentPostprocessing = 0;
		};
		D59BF7DE250000250058C51A /* Resources */ = {
			isa = PBXResourcesBuildPhase;
			buildActionMask = 2147483647;
			files = (
			);
			runOnlyForDeploymentPostprocessing = 0;
		};
		D59BF7EC250001410058C51A /* Resources */ = {
			isa = PBXResourcesBuildPhase;
			buildActionMask = 2147483647;
			files = (
			);
			runOnlyForDeploymentPostprocessing = 0;
		};
/* End PBXResourcesBuildPhase section */

/* Begin PBXShellScriptBuildPhase section */
		2361A4F6CAC4BB866C2B4A1C /* 📦 Check Pods Manifest.lock */ = {
			isa = PBXShellScriptBuildPhase;
			buildActionMask = 2147483647;
			files = (
			);
			inputPaths = (
			);
			name = "📦 Check Pods Manifest.lock";
			outputPaths = (
			);
			runOnlyForDeploymentPostprocessing = 0;
			shellPath = /bin/sh;
			shellScript = "diff \"${PODS_ROOT}/../Podfile.lock\" \"${PODS_ROOT}/Manifest.lock\" > /dev/null\nif [[ $? != 0 ]] ; then\n    cat << EOM\nerror: The sandbox is not in sync with the Podfile.lock. Run 'pod install' or update your CocoaPods installation.\nEOM\n    exit 1\nfi\n";
			showEnvVarsInLog = 0;
		};
		B8824BD0ED824BAD8268EC35 /* [CP] Check Pods Manifest.lock */ = {
			isa = PBXShellScriptBuildPhase;
			buildActionMask = 2147483647;
			files = (
			);
			inputPaths = (
				"${PODS_PODFILE_DIR_PATH}/Podfile.lock",
				"${PODS_ROOT}/Manifest.lock",
			);
			name = "[CP] Check Pods Manifest.lock";
			outputPaths = (
				"$(DERIVED_FILE_DIR)/Pods-Sample-checkManifestLockResult.txt",
			);
			runOnlyForDeploymentPostprocessing = 0;
			shellPath = /bin/sh;
			shellScript = "diff \"${PODS_PODFILE_DIR_PATH}/Podfile.lock\" \"${PODS_ROOT}/Manifest.lock\" > /dev/null\nif [ $? != 0 ] ; then\n    # print error to STDERR\n    echo \"error: The sandbox is not in sync with the Podfile.lock. Run 'pod install' or update your CocoaPods installation.\" >&2\n    exit 1\nfi\n# This output is used by Xcode 'outputs' to avoid re-running this script phase.\necho \"SUCCESS\" > \"${SCRIPT_OUTPUT_FILE_0}\"\n";
			showEnvVarsInLog = 0;
		};
/* End PBXShellScriptBuildPhase section */

/* Begin PBXSourcesBuildPhase section */
		050E7C6A19D22E19004363C2 /* Sources */ = {
			isa = PBXSourcesBuildPhase;
			buildActionMask = 2147483647;
			files = (
				94752ABB1DC63B8C00B1B781 /* WebCellNode.swift in Sources */,
				2A3038B41DC8F7DD00228931 /* RRFPSBar.m in Sources */,
				2A3038B61DC90F6900228931 /* FooterNode.swift in Sources */,
				9436AAD51DBA78170029B9B2 /* Crop.swift in Sources */,
				9436AACD1DB833A00029B9B2 /* ThumbnailCellNode.swift in Sources */,
				050E7C7619D22E19004363C2 /* TextureViewController.swift in Sources */,
				9436AAD11DB9A0290029B9B2 /* LargeImageCellNode.swift in Sources */,
				D53BDE7D25015FB5001FB387 /* ContentGenerator.swift in Sources */,
				9436AACB1DB81B6C0029B9B2 /* HeadlineSummaryCellNode.swift in Sources */,
				2AA47F121DC8E60F00821444 /* ScrollCellNode.swift in Sources */,
				050E7C7419D22E19004363C2 /* AppDelegate.swift in Sources */,
				D53BDD6F25013B73001FB387 /* CollectionViewController.swift in Sources */,
			);
			runOnlyForDeploymentPostprocessing = 0;
		};
		D59BF7DC250000250058C51A /* Sources */ = {
			isa = PBXSourcesBuildPhase;
			buildActionMask = 2147483647;
			files = (
				D58F43742500385F000101A2 /* LayoutPerformanceTimeTests.swift in Sources */,
			);
			runOnlyForDeploymentPostprocessing = 0;
		};
		D59BF7EA250001410058C51A /* Sources */ = {
			isa = PBXSourcesBuildPhase;
			buildActionMask = 2147483647;
			files = (
				D59BF7F1250001410058C51A /* ScrollPerformanceTests.swift in Sources */,
			);
			runOnlyForDeploymentPostprocessing = 0;
		};
/* End PBXSourcesBuildPhase section */

/* Begin PBXTargetDependency section */
		D59BF7E6250000250058C51A /* PBXTargetDependency */ = {
			isa = PBXTargetDependency;
			target = 050E7C6D19D22E19004363C2 /* Sample */;
			targetProxy = D59BF7E5250000250058C51A /* PBXContainerItemProxy */;
		};
		D59BF7F4250001410058C51A /* PBXTargetDependency */ = {
			isa = PBXTargetDependency;
			target = 050E7C6D19D22E19004363C2 /* Sample */;
			targetProxy = D59BF7F3250001410058C51A /* PBXContainerItemProxy */;
		};
/* End PBXTargetDependency section */

/* Begin XCBuildConfiguration section */
		050E7C8B19D22E1A004363C2 /* Debug */ = {
			isa = XCBuildConfiguration;
			buildSettings = {
				ALWAYS_SEARCH_USER_PATHS = NO;
				CLANG_CXX_LANGUAGE_STANDARD = "gnu++0x";
				CLANG_CXX_LIBRARY = "libc++";
				CLANG_ENABLE_MODULES = YES;
				CLANG_ENABLE_OBJC_ARC = YES;
				CLANG_WARN_BOOL_CONVERSION = YES;
				CLANG_WARN_CONSTANT_CONVERSION = YES;
				CLANG_WARN_DIRECT_OBJC_ISA_USAGE = YES_ERROR;
				CLANG_WARN_EMPTY_BODY = YES;
				CLANG_WARN_ENUM_CONVERSION = YES;
				CLANG_WARN_INFINITE_RECURSION = YES;
				CLANG_WARN_INT_CONVERSION = YES;
				CLANG_WARN_OBJC_ROOT_CLASS = YES_ERROR;
				CLANG_WARN_SUSPICIOUS_MOVE = YES;
				CLANG_WARN_UNREACHABLE_CODE = YES;
				CLANG_WARN__DUPLICATE_METHOD_MATCH = YES;
				"CODE_SIGN_IDENTITY[sdk=iphoneos*]" = "iPhone Developer";
				COPY_PHASE_STRIP = NO;
				ENABLE_STRICT_OBJC_MSGSEND = YES;
				ENABLE_TESTABILITY = YES;
				GCC_C_LANGUAGE_STANDARD = gnu99;
				GCC_DYNAMIC_NO_PIC = NO;
				GCC_NO_COMMON_BLOCKS = YES;
				GCC_OPTIMIZATION_LEVEL = 0;
				GCC_PREPROCESSOR_DEFINITIONS = (
					"DEBUG=1",
					"$(inherited)",
				);
				GCC_SYMBOLS_PRIVATE_EXTERN = NO;
				GCC_WARN_64_TO_32_BIT_CONVERSION = YES;
				GCC_WARN_ABOUT_RETURN_TYPE = YES_ERROR;
				GCC_WARN_UNDECLARED_SELECTOR = YES;
				GCC_WARN_UNINITIALIZED_AUTOS = YES_AGGRESSIVE;
				GCC_WARN_UNUSED_FUNCTION = YES;
				GCC_WARN_UNUSED_VARIABLE = YES;
				IPHONEOS_DEPLOYMENT_TARGET = 13.0;
				MTL_ENABLE_DEBUG_INFO = YES;
				ONLY_ACTIVE_ARCH = YES;
				SDKROOT = iphoneos;
				SWIFT_OPTIMIZATION_LEVEL = "-Onone";
			};
			name = Debug;
		};
		050E7C8C19D22E1A004363C2 /* Release */ = {
			isa = XCBuildConfiguration;
			buildSettings = {
				ALWAYS_SEARCH_USER_PATHS = NO;
				CLANG_CXX_LANGUAGE_STANDARD = "gnu++0x";
				CLANG_CXX_LIBRARY = "libc++";
				CLANG_ENABLE_MODULES = YES;
				CLANG_ENABLE_OBJC_ARC = YES;
				CLANG_WARN_BOOL_CONVERSION = YES;
				CLANG_WARN_CONSTANT_CONVERSION = YES;
				CLANG_WARN_DIRECT_OBJC_ISA_USAGE = YES_ERROR;
				CLANG_WARN_EMPTY_BODY = YES;
				CLANG_WARN_ENUM_CONVERSION = YES;
				CLANG_WARN_INFINITE_RECURSION = YES;
				CLANG_WARN_INT_CONVERSION = YES;
				CLANG_WARN_OBJC_ROOT_CLASS = YES_ERROR;
				CLANG_WARN_SUSPICIOUS_MOVE = YES;
				CLANG_WARN_UNREACHABLE_CODE = YES;
				CLANG_WARN__DUPLICATE_METHOD_MATCH = YES;
				"CODE_SIGN_IDENTITY[sdk=iphoneos*]" = "iPhone Developer";
				COPY_PHASE_STRIP = YES;
				ENABLE_NS_ASSERTIONS = NO;
				ENABLE_STRICT_OBJC_MSGSEND = YES;
				GCC_C_LANGUAGE_STANDARD = gnu99;
				GCC_NO_COMMON_BLOCKS = YES;
				GCC_WARN_64_TO_32_BIT_CONVERSION = YES;
				GCC_WARN_ABOUT_RETURN_TYPE = YES_ERROR;
				GCC_WARN_UNDECLARED_SELECTOR = YES;
				GCC_WARN_UNINITIALIZED_AUTOS = YES_AGGRESSIVE;
				GCC_WARN_UNUSED_FUNCTION = YES;
				GCC_WARN_UNUSED_VARIABLE = YES;
				IPHONEOS_DEPLOYMENT_TARGET = 13.0;
				MTL_ENABLE_DEBUG_INFO = NO;
				SDKROOT = iphoneos;
				SWIFT_OPTIMIZATION_LEVEL = "-Owholemodule";
				VALIDATE_PRODUCT = YES;
			};
			name = Release;
		};
		050E7C8E19D22E1A004363C2 /* Debug */ = {
			isa = XCBuildConfiguration;
			baseConfigurationReference = 9B402DAAE8C6A8B9BE1A506B /* Pods-Sample.debug.xcconfig */;
			buildSettings = {
				CLANG_ENABLE_MODULES = YES;
				DEVELOPMENT_TEAM = FL458598BU;
				INFOPLIST_FILE = Sample/Info.plist;
				LD_RUNPATH_SEARCH_PATHS = "$(inherited) @executable_path/Frameworks";
				PRODUCT_BUNDLE_IDENTIFIER = "com.facebook.AsyncDisplayKit.$(PRODUCT_NAME:rfc1034identifier)";
				PRODUCT_NAME = "$(TARGET_NAME)";
				SWIFT_OBJC_BRIDGING_HEADER = "Sample/Sample-Bridging-Header.h";
				SWIFT_OPTIMIZATION_LEVEL = "-Onone";
				SWIFT_VERSION = 5.0;
			};
			name = Debug;
		};
		050E7C8F19D22E1A004363C2 /* Release */ = {
			isa = XCBuildConfiguration;
			baseConfigurationReference = 08B9AAEC0A03243C3516AA96 /* Pods-Sample.release.xcconfig */;
			buildSettings = {
				CLANG_ENABLE_MODULES = YES;
				DEVELOPMENT_TEAM = FL458598BU;
				INFOPLIST_FILE = Sample/Info.plist;
				LD_RUNPATH_SEARCH_PATHS = "$(inherited) @executable_path/Frameworks";
				PRODUCT_BUNDLE_IDENTIFIER = "com.facebook.AsyncDisplayKit.$(PRODUCT_NAME:rfc1034identifier)";
				PRODUCT_NAME = "$(TARGET_NAME)";
				SWIFT_OBJC_BRIDGING_HEADER = "Sample/Sample-Bridging-Header.h";
				SWIFT_VERSION = 5.0;
			};
			name = Release;
		};
		D59BF7E7250000250058C51A /* Debug */ = {
			isa = XCBuildConfiguration;
			buildSettings = {
				BUNDLE_LOADER = "$(TEST_HOST)";
				CLANG_ANALYZER_NONNULL = YES;
				CLANG_ANALYZER_NUMBER_OBJECT_CONVERSION = YES_AGGRESSIVE;
				CLANG_CXX_LANGUAGE_STANDARD = "gnu++14";
				CLANG_ENABLE_OBJC_WEAK = YES;
				CLANG_WARN_BLOCK_CAPTURE_AUTORELEASING = YES;
				CLANG_WARN_COMMA = YES;
				CLANG_WARN_DEPRECATED_OBJC_IMPLEMENTATIONS = YES;
				CLANG_WARN_DOCUMENTATION_COMMENTS = YES;
				CLANG_WARN_NON_LITERAL_NULL_CONVERSION = YES;
				CLANG_WARN_OBJC_IMPLICIT_RETAIN_SELF = YES;
				CLANG_WARN_OBJC_LITERAL_CONVERSION = YES;
				CLANG_WARN_RANGE_LOOP_ANALYSIS = YES;
				CLANG_WARN_STRICT_PROTOTYPES = YES;
				CLANG_WARN_UNGUARDED_AVAILABILITY = YES_AGGRESSIVE;
				CODE_SIGN_STYLE = Automatic;
				DEBUG_INFORMATION_FORMAT = dwarf;
				DEVELOPMENT_TEAM = FL458598BU;
				GCC_C_LANGUAGE_STANDARD = gnu11;
				INFOPLIST_FILE = SampleTests/Info.plist;
				IPHONEOS_DEPLOYMENT_TARGET = 13.6;
				LD_RUNPATH_SEARCH_PATHS = "$(inherited) @executable_path/Frameworks @loader_path/Frameworks";
				MTL_ENABLE_DEBUG_INFO = INCLUDE_SOURCE;
				MTL_FAST_MATH = YES;
				PRODUCT_BUNDLE_IDENTIFIER = com.facebook.AsyncDisplayKit.SampleTests.SampleTests;
				PRODUCT_NAME = "$(TARGET_NAME)";
				SWIFT_ACTIVE_COMPILATION_CONDITIONS = DEBUG;
				SWIFT_VERSION = 5.0;
				TARGETED_DEVICE_FAMILY = "1,2";
				TEST_HOST = "$(BUILT_PRODUCTS_DIR)/Sample.app/Sample";
			};
			name = Debug;
		};
		D59BF7E8250000250058C51A /* Release */ = {
			isa = XCBuildConfiguration;
			buildSettings = {
				BUNDLE_LOADER = "$(TEST_HOST)";
				CLANG_ANALYZER_NONNULL = YES;
				CLANG_ANALYZER_NUMBER_OBJECT_CONVERSION = YES_AGGRESSIVE;
				CLANG_CXX_LANGUAGE_STANDARD = "gnu++14";
				CLANG_ENABLE_OBJC_WEAK = YES;
				CLANG_WARN_BLOCK_CAPTURE_AUTORELEASING = YES;
				CLANG_WARN_COMMA = YES;
				CLANG_WARN_DEPRECATED_OBJC_IMPLEMENTATIONS = YES;
				CLANG_WARN_DOCUMENTATION_COMMENTS = YES;
				CLANG_WARN_NON_LITERAL_NULL_CONVERSION = YES;
				CLANG_WARN_OBJC_IMPLICIT_RETAIN_SELF = YES;
				CLANG_WARN_OBJC_LITERAL_CONVERSION = YES;
				CLANG_WARN_RANGE_LOOP_ANALYSIS = YES;
				CLANG_WARN_STRICT_PROTOTYPES = YES;
				CLANG_WARN_UNGUARDED_AVAILABILITY = YES_AGGRESSIVE;
				CODE_SIGN_STYLE = Automatic;
				COPY_PHASE_STRIP = NO;
				DEBUG_INFORMATION_FORMAT = "dwarf-with-dsym";
				DEVELOPMENT_TEAM = FL458598BU;
				GCC_C_LANGUAGE_STANDARD = gnu11;
				INFOPLIST_FILE = SampleTests/Info.plist;
				IPHONEOS_DEPLOYMENT_TARGET = 13.6;
				LD_RUNPATH_SEARCH_PATHS = "$(inherited) @executable_path/Frameworks @loader_path/Frameworks";
				MTL_FAST_MATH = YES;
				PRODUCT_BUNDLE_IDENTIFIER = com.facebook.AsyncDisplayKit.SampleTests.SampleTests;
				PRODUCT_NAME = "$(TARGET_NAME)";
				SWIFT_VERSION = 5.0;
				TARGETED_DEVICE_FAMILY = "1,2";
				TEST_HOST = "$(BUILT_PRODUCTS_DIR)/Sample.app/Sample";
			};
			name = Release;
		};
		D59BF7F6250001410058C51A /* Debug */ = {
			isa = XCBuildConfiguration;
			buildSettings = {
				CLANG_ANALYZER_NONNULL = YES;
				CLANG_ANALYZER_NUMBER_OBJECT_CONVERSION = YES_AGGRESSIVE;
				CLANG_CXX_LANGUAGE_STANDARD = "gnu++14";
				CLANG_ENABLE_OBJC_WEAK = YES;
				CLANG_WARN_BLOCK_CAPTURE_AUTORELEASING = YES;
				CLANG_WARN_COMMA = YES;
				CLANG_WARN_DEPRECATED_OBJC_IMPLEMENTATIONS = YES;
				CLANG_WARN_DOCUMENTATION_COMMENTS = YES;
				CLANG_WARN_NON_LITERAL_NULL_CONVERSION = YES;
				CLANG_WARN_OBJC_IMPLICIT_RETAIN_SELF = YES;
				CLANG_WARN_OBJC_LITERAL_CONVERSION = YES;
				CLANG_WARN_RANGE_LOOP_ANALYSIS = YES;
				CLANG_WARN_STRICT_PROTOTYPES = YES;
				CLANG_WARN_UNGUARDED_AVAILABILITY = YES_AGGRESSIVE;
				CODE_SIGN_STYLE = Automatic;
				DEBUG_INFORMATION_FORMAT = dwarf;
				DEVELOPMENT_TEAM = FL458598BU;
				GCC_C_LANGUAGE_STANDARD = gnu11;
				INFOPLIST_FILE = SampleUITests/Info.plist;
				IPHONEOS_DEPLOYMENT_TARGET = 13.6;
				LD_RUNPATH_SEARCH_PATHS = "$(inherited) @executable_path/Frameworks @loader_path/Frameworks";
				MTL_ENABLE_DEBUG_INFO = INCLUDE_SOURCE;
				MTL_FAST_MATH = YES;
				PRODUCT_BUNDLE_IDENTIFIER = com.facebook.AsyncDisplayKit.SampleUITests.SampleUITests;
				PRODUCT_NAME = "$(TARGET_NAME)";
				SWIFT_ACTIVE_COMPILATION_CONDITIONS = DEBUG;
				SWIFT_VERSION = 5.0;
				TARGETED_DEVICE_FAMILY = "1,2";
				TEST_TARGET_NAME = Sample;
			};
			name = Debug;
		};
		D59BF7F7250001410058C51A /* Release */ = {
			isa = XCBuildConfiguration;
			buildSettings = {
				CLANG_ANALYZER_NONNULL = YES;
				CLANG_ANALYZER_NUMBER_OBJECT_CONVERSION = YES_AGGRESSIVE;
				CLANG_CXX_LANGUAGE_STANDARD = "gnu++14";
				CLANG_ENABLE_OBJC_WEAK = YES;
				CLANG_WARN_BLOCK_CAPTURE_AUTORELEASING = YES;
				CLANG_WARN_COMMA = YES;
				CLANG_WARN_DEPRECATED_OBJC_IMPLEMENTATIONS = YES;
				CLANG_WARN_DOCUMENTATION_COMMENTS = YES;
				CLANG_WARN_NON_LITERAL_NULL_CONVERSION = YES;
				CLANG_WARN_OBJC_IMPLICIT_RETAIN_SELF = YES;
				CLANG_WARN_OBJC_LITERAL_CONVERSION = YES;
				CLANG_WARN_RANGE_LOOP_ANALYSIS = YES;
				CLANG_WARN_STRICT_PROTOTYPES = YES;
				CLANG_WARN_UNGUARDED_AVAILABILITY = YES_AGGRESSIVE;
				CODE_SIGN_STYLE = Automatic;
				COPY_PHASE_STRIP = NO;
				DEBUG_INFORMATION_FORMAT = "dwarf-with-dsym";
				DEVELOPMENT_TEAM = FL458598BU;
				GCC_C_LANGUAGE_STANDARD = gnu11;
				INFOPLIST_FILE = SampleUITests/Info.plist;
				IPHONEOS_DEPLOYMENT_TARGET = 13.6;
				LD_RUNPATH_SEARCH_PATHS = "$(inherited) @executable_path/Frameworks @loader_path/Frameworks";
				MTL_FAST_MATH = YES;
				PRODUCT_BUNDLE_IDENTIFIER = com.facebook.AsyncDisplayKit.SampleUITests.SampleUITests;
				PRODUCT_NAME = "$(TARGET_NAME)";
				SWIFT_VERSION = 5.0;
				TARGETED_DEVICE_FAMILY = "1,2";
				TEST_TARGET_NAME = Sample;
			};
			name = Release;
		};
/* End XCBuildConfiguration section */

/* Begin XCConfigurationList section */
		050E7C6919D22E19004363C2 /* Build configuration list for PBXProject "Sample" */ = {
			isa = XCConfigurationList;
			buildConfigurations = (
				050E7C8B19D22E1A004363C2 /* Debug */,
				050E7C8C19D22E1A004363C2 /* Release */,
			);
			defaultConfigurationIsVisible = 0;
			defaultConfigurationName = Release;
		};
		050E7C8D19D22E1A004363C2 /* Build configuration list for PBXNativeTarget "Sample" */ = {
			isa = XCConfigurationList;
			buildConfigurations = (
				050E7C8E19D22E1A004363C2 /* Debug */,
				050E7C8F19D22E1A004363C2 /* Release */,
			);
			defaultConfigurationIsVisible = 0;
			defaultConfigurationName = Release;
		};
		D59BF7E9250000250058C51A /* Build configuration list for PBXNativeTarget "SampleTests" */ = {
			isa = XCConfigurationList;
			buildConfigurations = (
				D59BF7E7250000250058C51A /* Debug */,
				D59BF7E8250000250058C51A /* Release */,
			);
			defaultConfigurationIsVisible = 0;
			defaultConfigurationName = Release;
		};
		D59BF7F5250001410058C51A /* Build configuration list for PBXNativeTarget "SampleUITests" */ = {
			isa = XCConfigurationList;
			buildConfigurations = (
				D59BF7F6250001410058C51A /* Debug */,
				D59BF7F7250001410058C51A /* Release */,
			);
			defaultConfigurationIsVisible = 0;
			defaultConfigurationName = Release;
		};
/* End XCConfigurationList section */
	};
	rootObject = 050E7C6619D22E19004363C2 /* Project object */;
}
